
Microsoft Visual Studio Solution File, Format Version 12.00
# Visual Studio Version 17
VisualStudioVersion = 17.7.34009.444
MinimumVisualStudioVersion = 10.0.40219.1
Project("{FAE04EC0-301F-11D3-BF4B-00C04F79EFBC}") = "Expressions Playground", "Expressions Playground\Expressions Playground.csproj", "{FE93E37C-4E37-402C-8FEB-7905A1B1C88B}"
EndProject
Project("{FAE04EC0-301F-11D3-BF4B-00C04F79EFBC}") = "RAPExpressions", "RAPExpressions\RAPExpressions.csproj", "{33A5872A-BF8B-421B-AB99-3589BE88B92E}"
EndProject
Global
	GlobalSection(SolutionConfigurationPlatforms) = preSolution
		Debug|Any CPU = Debug|Any CPU
		Release|Any CPU = Release|Any CPU
	EndGlobalSection
	GlobalSection(ProjectConfigurationPlatforms) = postSolution
		{FE93E37C-4E37-402C-8FEB-7905A1B1C88B}.Debug|Any CPU.ActiveCfg = Debug|Any CPU
		{FE93E37C-4E37-402C-8FEB-7905A1B1C88B}.Debug|Any CPU.Build.0 = Debug|Any CPU
		{FE93E37C-4E37-402C-8FEB-7905A1B1C88B}.Release|Any CPU.ActiveCfg = Release|Any CPU
		{FE93E37C-4E37-402C-8FEB-7905A1B1C88B}.Release|Any CPU.Build.0 = Release|Any CPU
		{33A5872A-BF8B-421B-AB99-3589BE88B92E}.Debug|Any CPU.ActiveCfg = Debug|Any CPU
		{33A5872A-BF8B-421B-AB99-3589BE88B92E}.Debug|Any CPU.Build.0 = Debug|Any CPU
		{33A5872A-BF8B-421B-AB99-3589BE88B92E}.Release|Any CPU.ActiveCfg = Release|Any CPU
		{33A5872A-BF8B-421B-AB99-3589BE88B92E}.Release|Any CPU.Build.0 = Release|Any CPU
	EndGlobalSection
	GlobalSection(SolutionProperties) = preSolution
		HideSolutionNode = FALSE
	EndGlobalSection
	GlobalSection(ExtensibilityGlobals) = postSolution
		SolutionGuid = {BEB70216-5AD5-4C43-BF6D-7CD7F6A40E8B}
	EndGlobalSection
EndGlobal
